
Microsoft Visual Studio Solution File, Format Version 12.00
# Visual Studio Version 17
VisualStudioVersion = 17.5.33516.290
MinimumVisualStudioVersion = 10.0.40219.1
Project("{9A19103F-16F7-4668-BE54-9A1E7A4F7556}") = "LibraryService", "LibraryService\LibraryService.csproj", "{7DFC713F-7520-4E2C-B3BF-22C23321FA0A}"
EndProject
Project("{9A19103F-16F7-4668-BE54-9A1E7A4F7556}") = "NotificationService", "NotificationService\NotificationService.csproj", "{1574589F-60F6-4FFC-BFEC-DB6CEEA73DA5}"
EndProject
Project("{9A19103F-16F7-4668-BE54-9A1E7A4F7556}") = "ApiGateway", "ApiGateway\ApiGateway.csproj", "{ADCA0050-B654-459F-96F1-E761D6A233A0}"
EndProject
Global
	GlobalSection(SolutionConfigurationPlatforms) = preSolution
		Debug|Any CPU = Debug|Any CPU
		Release|Any CPU = Release|Any CPU
	EndGlobalSection
	GlobalSection(ProjectConfigurationPlatforms) = postSolution
		{7DFC713F-7520-4E2C-B3BF-22C23321FA0A}.Debug|Any CPU.ActiveCfg = Debug|Any CPU
		{7DFC713F-7520-4E2C-B3BF-22C23321FA0A}.Debug|Any CPU.Build.0 = Debug|Any CPU
		{7DFC713F-7520-4E2C-B3BF-22C23321FA0A}.Release|Any CPU.ActiveCfg = Release|Any CPU
		{7DFC713F-7520-4E2C-B3BF-22C23321FA0A}.Release|Any CPU.Build.0 = Release|Any CPU
		{1574589F-60F6-4FFC-BFEC-DB6CEEA73DA5}.Debug|Any CPU.ActiveCfg = Debug|Any CPU
		{1574589F-60F6-4FFC-BFEC-DB6CEEA73DA5}.Debug|Any CPU.Build.0 = Debug|Any CPU
		{1574589F-60F6-4FFC-BFEC-DB6CEEA73DA5}.Release|Any CPU.ActiveCfg = Release|Any CPU
		{1574589F-60F6-4FFC-BFEC-DB6CEEA73DA5}.Release|Any CPU.Build.0 = Release|Any CPU
		{ADCA0050-B654-459F-96F1-E761D6A233A0}.Debug|Any CPU.ActiveCfg = Debug|Any CPU
		{ADCA0050-B654-459F-96F1-E761D6A233A0}.Debug|Any CPU.Build.0 = Debug|Any CPU
		{ADCA0050-B654-459F-96F1-E761D6A233A0}.Release|Any CPU.ActiveCfg = Release|Any CPU
		{ADCA0050-B654-459F-96F1-E761D6A233A0}.Release|Any CPU.Build.0 = Release|Any CPU
	EndGlobalSection
	GlobalSection(SolutionProperties) = preSolution
		HideSolutionNode = FALSE
	EndGlobalSection
	GlobalSection(ExtensibilityGlobals) = postSolution
		SolutionGuid = {D10827A8-7F62-49A1-B686-28D241947328}
	EndGlobalSection
EndGlobal
